
Microsoft Visual Studio Solution File, Format Version 12.00
# Visual Studio Version 17
VisualStudioVersion = 17.11.35303.130
MinimumVisualStudioVersion = 10.0.40219.1
Project("{FAE04EC0-301F-11D3-BF4B-00C04F79EFBC}") = "POC-SimpleQueueService", "POC-SimpleQueueService\POC-SimpleQueueService.csproj", "{DAFBFE55-08DF-4F9A-9F11-2C425ED857EA}"
EndProject
Global
	GlobalSection(SolutionConfigurationPlatforms) = preSolution
		Debug|Any CPU = Debug|Any CPU
		Release|Any CPU = Release|Any CPU
	EndGlobalSection
	GlobalSection(ProjectConfigurationPlatforms) = postSolution
		{DAFBFE55-08DF-4F9A-9F11-2C425ED857EA}.Debug|Any CPU.ActiveCfg = Debug|Any CPU
		{DAFBFE55-08DF-4F9A-9F11-2C425ED857EA}.Debug|Any CPU.Build.0 = Debug|Any CPU
		{DAFBFE55-08DF-4F9A-9F11-2C425ED857EA}.Release|Any CPU.ActiveCfg = Release|Any CPU
		{DAFBFE55-08DF-4F9A-9F11-2C425ED857EA}.Release|Any CPU.Build.0 = Release|Any CPU
	EndGlobalSection
	GlobalSection(SolutionProperties) = preSolution
		HideSolutionNode = FALSE
	EndGlobalSection
	GlobalSection(ExtensibilityGlobals) = postSolution
		SolutionGuid = {98773DF5-0B98-474E-B291-F5751129AACF}
	EndGlobalSection
EndGlobal
